
Microsoft Visual Studio Solution File, Format Version 12.00
# Visual Studio Version 17
VisualStudioVersion = 17.4.33110.190
MinimumVisualStudioVersion = 10.0.40219.1
Project("{FAE04EC0-301F-11D3-BF4B-00C04F79EFBC}") = "SuperHeroApi", "SuperHeroApi.csproj", "{EF28F0F5-AAD6-4AD7-804C-269585928907}"
EndProject
Global
	GlobalSection(SolutionConfigurationPlatforms) = preSolution
		Debug|Any CPU = Debug|Any CPU
		Release|Any CPU = Release|Any CPU
	EndGlobalSection
	GlobalSection(ProjectConfigurationPlatforms) = postSolution
		{EF28F0F5-AAD6-4AD7-804C-269585928907}.Debug|Any CPU.ActiveCfg = Debug|Any CPU
		{EF28F0F5-AAD6-4AD7-804C-269585928907}.Debug|Any CPU.Build.0 = Debug|Any CPU
		{EF28F0F5-AAD6-4AD7-804C-269585928907}.Release|Any CPU.ActiveCfg = Release|Any CPU
		{EF28F0F5-AAD6-4AD7-804C-269585928907}.Release|Any CPU.Build.0 = Release|Any CPU
	EndGlobalSection
	GlobalSection(SolutionProperties) = preSolution
		HideSolutionNode = FALSE
	EndGlobalSection
	GlobalSection(ExtensibilityGlobals) = postSolution
		SolutionGuid = {E5C36150-C21A-47AB-A7D9-376D4193E749}
	EndGlobalSection
EndGlobal
